
Microsoft Visual Studio Solution File, Format Version 12.00
# Visual Studio Version 16
VisualStudioVersion = 16.0.30011.22
MinimumVisualStudioVersion = 10.0.40219.1
Project("{FAE04EC0-301F-11D3-BF4B-00C04F79EFBC}") = "Food2Go", "Food2Go\Food2Go.csproj", "{63EBF5BF-D939-48C9-97E8-BB3A015A1A9C}"
EndProject
Global
	GlobalSection(SolutionConfigurationPlatforms) = preSolution
		Debug|Any CPU = Debug|Any CPU
		Release|Any CPU = Release|Any CPU
	EndGlobalSection
	GlobalSection(ProjectConfigurationPlatforms) = postSolution
		{63EBF5BF-D939-48C9-97E8-BB3A015A1A9C}.Debug|Any CPU.ActiveCfg = Debug|Any CPU
		{63EBF5BF-D939-48C9-97E8-BB3A015A1A9C}.Debug|Any CPU.Build.0 = Debug|Any CPU
		{63EBF5BF-D939-48C9-97E8-BB3A015A1A9C}.Release|Any CPU.ActiveCfg = Release|Any CPU
		{63EBF5BF-D939-48C9-97E8-BB3A015A1A9C}.Release|Any CPU.Build.0 = Release|Any CPU
	EndGlobalSection
	GlobalSection(SolutionProperties) = preSolution
		HideSolutionNode = FALSE
	EndGlobalSection
	GlobalSection(ExtensibilityGlobals) = postSolution
		SolutionGuid = {726BACDD-24E9-452E-A824-004CB5074B4C}
	EndGlobalSection
EndGlobal
